
Microsoft Visual Studio Solution File, Format Version 12.00
# Visual Studio Version 17
VisualStudioVersion = 17.0.32014.148
MinimumVisualStudioVersion = 10.0.40219.1
Project("{9A19103F-16F7-4668-BE54-9A1E7A4F7556}") = "SenseNet.Security", "SenseNet.Security\SenseNet.Security.csproj", "{B2B39975-3D5E-4457-B9CE-0FCEC20F2F59}"
EndProject
Project("{9A19103F-16F7-4668-BE54-9A1E7A4F7556}") = "SenseNet.Security.Messaging.RabbitMQ", "SenseNet.Security.Messaging.RabbitMQ\SenseNet.Security.Messaging.RabbitMQ.csproj", "{84F97FC3-12B9-4D30-95B6-3308EE3CC322}"
EndProject
Project("{9A19103F-16F7-4668-BE54-9A1E7A4F7556}") = "SenseNet.Security.EFCSecurityStore", "SenseNet.Security.EFCSecurityStore\SenseNet.Security.EFCSecurityStore.csproj", "{398CF1C1-6721-4DFB-B624-F86EB996E47E}"
EndProject
Project("{9A19103F-16F7-4668-BE54-9A1E7A4F7556}") = "SenseNet.Security.EFCSecurityStore.Tests", "SenseNet.Security.EFCSecurityStore.Tests\SenseNet.Security.EFCSecurityStore.Tests.csproj", "{3858F7DE-E3E0-4483-A227-38A38650F2BD}"
EndProject
Project("{9A19103F-16F7-4668-BE54-9A1E7A4F7556}") = "SenseNet.Security.Tests", "SenseNet.Security.Tests\SenseNet.Security.Tests.csproj", "{797748F0-D729-48FD-A805-52D6AFBFC829}"
EndProject
Project("{9A19103F-16F7-4668-BE54-9A1E7A4F7556}") = "SenseNet.Security.Tests.Concurrency", "SenseNet.Security.Tests.Concurrency\SenseNet.Security.Tests.Concurrency.csproj", "{A1346136-E251-496B-B2E3-F323C75E29DD}"
EndProject
Global
	GlobalSection(SolutionConfigurationPlatforms) = preSolution
		Debug|Any CPU = Debug|Any CPU
		Release|Any CPU = Release|Any CPU
	EndGlobalSection
	GlobalSection(ProjectConfigurationPlatforms) = postSolution
		{B2B39975-3D5E-4457-B9CE-0FCEC20F2F59}.Debug|Any CPU.ActiveCfg = Debug|Any CPU
		{B2B39975-3D5E-4457-B9CE-0FCEC20F2F59}.Debug|Any CPU.Build.0 = Debug|Any CPU
		{B2B39975-3D5E-4457-B9CE-0FCEC20F2F59}.Release|Any CPU.ActiveCfg = Release|Any CPU
		{B2B39975-3D5E-4457-B9CE-0FCEC20F2F59}.Release|Any CPU.Build.0 = Release|Any CPU
		{84F97FC3-12B9-4D30-95B6-3308EE3CC322}.Debug|Any CPU.ActiveCfg = Debug|Any CPU
		{84F97FC3-12B9-4D30-95B6-3308EE3CC322}.Debug|Any CPU.Build.0 = Debug|Any CPU
		{84F97FC3-12B9-4D30-95B6-3308EE3CC322}.Release|Any CPU.ActiveCfg = Release|Any CPU
		{84F97FC3-12B9-4D30-95B6-3308EE3CC322}.Release|Any CPU.Build.0 = Release|Any CPU
		{398CF1C1-6721-4DFB-B624-F86EB996E47E}.Debug|Any CPU.ActiveCfg = Debug|Any CPU
		{398CF1C1-6721-4DFB-B624-F86EB996E47E}.Debug|Any CPU.Build.0 = Debug|Any CPU
		{398CF1C1-6721-4DFB-B624-F86EB996E47E}.Release|Any CPU.ActiveCfg = Release|Any CPU
		{398CF1C1-6721-4DFB-B624-F86EB996E47E}.Release|Any CPU.Build.0 = Release|Any CPU
		{3858F7DE-E3E0-4483-A227-38A38650F2BD}.Debug|Any CPU.ActiveCfg = Debug|Any CPU
		{3858F7DE-E3E0-4483-A227-38A38650F2BD}.Debug|Any CPU.Build.0 = Debug|Any CPU
		{3858F7DE-E3E0-4483-A227-38A38650F2BD}.Release|Any CPU.ActiveCfg = Release|Any CPU
		{3858F7DE-E3E0-4483-A227-38A38650F2BD}.Release|Any CPU.Build.0 = Release|Any CPU
		{797748F0-D729-48FD-A805-52D6AFBFC829}.Debug|Any CPU.ActiveCfg = Debug|Any CPU
		{797748F0-D729-48FD-A805-52D6AFBFC829}.Debug|Any CPU.Build.0 = Debug|Any CPU
		{797748F0-D729-48FD-A805-52D6AFBFC829}.Release|Any CPU.ActiveCfg = Release|Any CPU
		{797748F0-D729-48FD-A805-52D6AFBFC829}.Release|Any CPU.Build.0 = Release|Any CPU
		{A1346136-E251-496B-B2E3-F323C75E29DD}.Debug|Any CPU.ActiveCfg = Debug|Any CPU
		{A1346136-E251-496B-B2E3-F323C75E29DD}.Debug|Any CPU.Build.0 = Debug|Any CPU
		{A1346136-E251-496B-B2E3-F323C75E29DD}.Release|Any CPU.ActiveCfg = Release|Any CPU
		{A1346136-E251-496B-B2E3-F323C75E29DD}.Release|Any CPU.Build.0 = Release|Any CPU
	EndGlobalSection
	GlobalSection(SolutionProperties) = preSolution
		HideSolutionNode = FALSE
	EndGlobalSection
	GlobalSection(ExtensibilityGlobals) = postSolution
		SolutionGuid = {4E4DE9CA-79F5-41B0-B7A1-75C0589A452D}
	EndGlobalSection
EndGlobal
