
Microsoft Visual Studio Solution File, Format Version 12.00
# Visual Studio 15
VisualStudioVersion = 15.0.27130.2036
MinimumVisualStudioVersion = 10.0.40219.1
Project("{9A19103F-16F7-4668-BE54-9A1E7A4F7556}") = "SenseNet.Security", "SenseNet.Security\SenseNet.Security.csproj", "{B2B39975-3D5E-4457-B9CE-0FCEC20F2F59}"
EndProject
Project("{FAE04EC0-301F-11D3-BF4B-00C04F79EFBC}") = "SenseNet.Security.EF6SecurityStore", "SenseNet.Security.EF6SecurityStore\SenseNet.Security.EF6SecurityStore.csproj", "{6ECE5B58-B148-4C51-B50E-2BC26D9A01BC}"
EndProject
Project("{FAE04EC0-301F-11D3-BF4B-00C04F79EFBC}") = "SenseNet.Security.Tests", "SenseNet.Security.Tests\SenseNet.Security.Tests.csproj", "{DFB9B64A-566E-40D1-A5F2-B945274937EC}"
EndProject
Project("{FAE04EC0-301F-11D3-BF4B-00C04F79EFBC}") = "SenseNet.Security.Messaging.Msmq", "SenseNet.Security.Messaging.Msmq\SenseNet.Security.Messaging.Msmq.csproj", "{67D1C02B-0336-4E35-8EC9-573DA304BBEF}"
EndProject
Project("{FAE04EC0-301F-11D3-BF4B-00C04F79EFBC}") = "SenseNet.Security.TestConsole", "SenseNet.Security.TestConsole\SenseNet.Security.TestConsole.csproj", "{BD8F4463-7E02-4F88-8BAD-89F7C17969F6}"
EndProject
Project("{FAE04EC0-301F-11D3-BF4B-00C04F79EFBC}") = "SenseNet.Security.Tests.Concurrency", "SenseNet.Security.Tests.Concurrency\SenseNet.Security.Tests.Concurrency.csproj", "{EB816791-BE56-45F5-B18A-37DA918ADAB4}"
EndProject
Project("{9A19103F-16F7-4668-BE54-9A1E7A4F7556}") = "SenseNet.Security.Messaging.RabbitMQ", "SenseNet.Security.Messaging.RabbitMQ\SenseNet.Security.Messaging.RabbitMQ.csproj", "{84F97FC3-12B9-4D30-95B6-3308EE3CC322}"
EndProject
Project("{FAE04EC0-301F-11D3-BF4B-00C04F79EFBC}") = "SenseNet.Security.EFCSecurityStore", "SenseNet.Security.EFCSecurityStore\SenseNet.Security.EFCSecurityStore.csproj", "{398CF1C1-6721-4DFB-B624-F86EB996E47E}"
EndProject
Global
	GlobalSection(SolutionConfigurationPlatforms) = preSolution
		Debug|Any CPU = Debug|Any CPU
		Release|Any CPU = Release|Any CPU
	EndGlobalSection
	GlobalSection(ProjectConfigurationPlatforms) = postSolution
		{B2B39975-3D5E-4457-B9CE-0FCEC20F2F59}.Debug|Any CPU.ActiveCfg = Debug|Any CPU
		{B2B39975-3D5E-4457-B9CE-0FCEC20F2F59}.Debug|Any CPU.Build.0 = Debug|Any CPU
		{B2B39975-3D5E-4457-B9CE-0FCEC20F2F59}.Release|Any CPU.ActiveCfg = Release|Any CPU
		{B2B39975-3D5E-4457-B9CE-0FCEC20F2F59}.Release|Any CPU.Build.0 = Release|Any CPU
		{6ECE5B58-B148-4C51-B50E-2BC26D9A01BC}.Debug|Any CPU.ActiveCfg = Debug|Any CPU
		{6ECE5B58-B148-4C51-B50E-2BC26D9A01BC}.Debug|Any CPU.Build.0 = Debug|Any CPU
		{6ECE5B58-B148-4C51-B50E-2BC26D9A01BC}.Release|Any CPU.ActiveCfg = Release|Any CPU
		{6ECE5B58-B148-4C51-B50E-2BC26D9A01BC}.Release|Any CPU.Build.0 = Release|Any CPU
		{DFB9B64A-566E-40D1-A5F2-B945274937EC}.Debug|Any CPU.ActiveCfg = Debug|Any CPU
		{DFB9B64A-566E-40D1-A5F2-B945274937EC}.Debug|Any CPU.Build.0 = Debug|Any CPU
		{DFB9B64A-566E-40D1-A5F2-B945274937EC}.Release|Any CPU.ActiveCfg = Release|Any CPU
		{DFB9B64A-566E-40D1-A5F2-B945274937EC}.Release|Any CPU.Build.0 = Release|Any CPU
		{67D1C02B-0336-4E35-8EC9-573DA304BBEF}.Debug|Any CPU.ActiveCfg = Debug|Any CPU
		{67D1C02B-0336-4E35-8EC9-573DA304BBEF}.Debug|Any CPU.Build.0 = Debug|Any CPU
		{67D1C02B-0336-4E35-8EC9-573DA304BBEF}.Release|Any CPU.ActiveCfg = Release|Any CPU
		{67D1C02B-0336-4E35-8EC9-573DA304BBEF}.Release|Any CPU.Build.0 = Release|Any CPU
		{BD8F4463-7E02-4F88-8BAD-89F7C17969F6}.Debug|Any CPU.ActiveCfg = Debug|Any CPU
		{BD8F4463-7E02-4F88-8BAD-89F7C17969F6}.Debug|Any CPU.Build.0 = Debug|Any CPU
		{BD8F4463-7E02-4F88-8BAD-89F7C17969F6}.Release|Any CPU.ActiveCfg = Release|Any CPU
		{BD8F4463-7E02-4F88-8BAD-89F7C17969F6}.Release|Any CPU.Build.0 = Release|Any CPU
		{EB816791-BE56-45F5-B18A-37DA918ADAB4}.Debug|Any CPU.ActiveCfg = Debug|Any CPU
		{EB816791-BE56-45F5-B18A-37DA918ADAB4}.Debug|Any CPU.Build.0 = Debug|Any CPU
		{EB816791-BE56-45F5-B18A-37DA918ADAB4}.Release|Any CPU.ActiveCfg = Release|Any CPU
		{EB816791-BE56-45F5-B18A-37DA918ADAB4}.Release|Any CPU.Build.0 = Release|Any CPU
		{84F97FC3-12B9-4D30-95B6-3308EE3CC322}.Debug|Any CPU.ActiveCfg = Debug|Any CPU
		{84F97FC3-12B9-4D30-95B6-3308EE3CC322}.Debug|Any CPU.Build.0 = Debug|Any CPU
		{84F97FC3-12B9-4D30-95B6-3308EE3CC322}.Release|Any CPU.ActiveCfg = Release|Any CPU
		{84F97FC3-12B9-4D30-95B6-3308EE3CC322}.Release|Any CPU.Build.0 = Release|Any CPU
		{398CF1C1-6721-4DFB-B624-F86EB996E47E}.Debug|Any CPU.ActiveCfg = Debug|Any CPU
		{398CF1C1-6721-4DFB-B624-F86EB996E47E}.Debug|Any CPU.Build.0 = Debug|Any CPU
		{398CF1C1-6721-4DFB-B624-F86EB996E47E}.Release|Any CPU.ActiveCfg = Release|Any CPU
		{398CF1C1-6721-4DFB-B624-F86EB996E47E}.Release|Any CPU.Build.0 = Release|Any CPU
	EndGlobalSection
	GlobalSection(SolutionProperties) = preSolution
		HideSolutionNode = FALSE
	EndGlobalSection
	GlobalSection(ExtensibilityGlobals) = postSolution
		SolutionGuid = {4E4DE9CA-79F5-41B0-B7A1-75C0589A452D}
	EndGlobalSection
EndGlobal
